
Microsoft Visual Studio Solution File, Format Version 12.00
# Visual Studio Version 16
VisualStudioVersion = 16.0.29411.108
MinimumVisualStudioVersion = 10.0.40219.1
Project("{9A19103F-16F7-4668-BE54-9A1E7A4F7556}") = "P01_StudentSystem", "P01_StudentSystem\P01_StudentSystem.csproj", "{D64891A7-C40F-402C-AB8A-74ECF13460C6}"
EndProject
Project("{FAE04EC0-301F-11D3-BF4B-00C04F79EFBC}") = "P03_FootballBetting", "P03_FootballBetting\P03_FootballBetting.csproj", "{8CCB37B4-554A-4D45-99BA-8A6D8E30D2C4}"
EndProject
Global
	GlobalSection(SolutionConfigurationPlatforms) = preSolution
		Debug|Any CPU = Debug|Any CPU
		Release|Any CPU = Release|Any CPU
	EndGlobalSection
	GlobalSection(ProjectConfigurationPlatforms) = postSolution
		{D64891A7-C40F-402C-AB8A-74ECF13460C6}.Debug|Any CPU.ActiveCfg = Debug|Any CPU
		{D64891A7-C40F-402C-AB8A-74ECF13460C6}.Debug|Any CPU.Build.0 = Debug|Any CPU
		{D64891A7-C40F-402C-AB8A-74ECF13460C6}.Release|Any CPU.ActiveCfg = Release|Any CPU
		{D64891A7-C40F-402C-AB8A-74ECF13460C6}.Release|Any CPU.Build.0 = Release|Any CPU
		{8CCB37B4-554A-4D45-99BA-8A6D8E30D2C4}.Debug|Any CPU.ActiveCfg = Debug|Any CPU
		{8CCB37B4-554A-4D45-99BA-8A6D8E30D2C4}.Debug|Any CPU.Build.0 = Debug|Any CPU
		{8CCB37B4-554A-4D45-99BA-8A6D8E30D2C4}.Release|Any CPU.ActiveCfg = Release|Any CPU
		{8CCB37B4-554A-4D45-99BA-8A6D8E30D2C4}.Release|Any CPU.Build.0 = Release|Any CPU
	EndGlobalSection
	GlobalSection(SolutionProperties) = preSolution
		HideSolutionNode = FALSE
	EndGlobalSection
	GlobalSection(ExtensibilityGlobals) = postSolution
		SolutionGuid = {DE97B07F-B1BD-475C-B17C-5F0327EE6BAA}
	EndGlobalSection
EndGlobal
